
Microsoft Visual Studio Solution File, Format Version 12.00
# Visual Studio Version 16
VisualStudioVersion = 16.0.30804.86
MinimumVisualStudioVersion = 10.0.40219.1
Project("{FAE04EC0-301F-11D3-BF4B-00C04F79EFBC}") = "MonitoredApplication", "MonitoredApplication\MonitoredApplication.csproj", "{BD78E5E6-40B6-4D02-8753-BB6AD04D48D0}"
EndProject
Project("{FAE04EC0-301F-11D3-BF4B-00C04F79EFBC}") = "Watchdog.Client", "Watchdog.Client\Watchdog.Client.csproj", "{8668150C-C05F-43CA-9624-873ADA5828F9}"
EndProject
Global
	GlobalSection(SolutionConfigurationPlatforms) = preSolution
		Debug|Any CPU = Debug|Any CPU
		Release|Any CPU = Release|Any CPU
	EndGlobalSection
	GlobalSection(ProjectConfigurationPlatforms) = postSolution
		{BD78E5E6-40B6-4D02-8753-BB6AD04D48D0}.Debug|Any CPU.ActiveCfg = Debug|Any CPU
		{BD78E5E6-40B6-4D02-8753-BB6AD04D48D0}.Debug|Any CPU.Build.0 = Debug|Any CPU
		{BD78E5E6-40B6-4D02-8753-BB6AD04D48D0}.Release|Any CPU.ActiveCfg = Release|Any CPU
		{BD78E5E6-40B6-4D02-8753-BB6AD04D48D0}.Release|Any CPU.Build.0 = Release|Any CPU
		{8668150C-C05F-43CA-9624-873ADA5828F9}.Debug|Any CPU.ActiveCfg = Debug|Any CPU
		{8668150C-C05F-43CA-9624-873ADA5828F9}.Debug|Any CPU.Build.0 = Debug|Any CPU
		{8668150C-C05F-43CA-9624-873ADA5828F9}.Release|Any CPU.ActiveCfg = Release|Any CPU
		{8668150C-C05F-43CA-9624-873ADA5828F9}.Release|Any CPU.Build.0 = Release|Any CPU
	EndGlobalSection
	GlobalSection(SolutionProperties) = preSolution
		HideSolutionNode = FALSE
	EndGlobalSection
	GlobalSection(ExtensibilityGlobals) = postSolution
		SolutionGuid = {70028FC5-4AC6-4A6C-AB4E-B3E6CA6A784B}
	EndGlobalSection
EndGlobal
